// !$*UTF8*$!
{
	archiveVersion = 1;
	classes = {
	};
	objectVersion = 46;
	objects = {

/* Begin PBXBuildFile section */
		A88283001B681C2C0042083D /* Photos.xcdatamodeld in Sources */ = {isa = PBXBuildFile; fileRef = A88282FE1B681C2C0042083D /* Photos.xcdatamodeld */; };
		A88283051B681CD90042083D /* Photo.m in Sources */ = {isa = PBXBuildFile; fileRef = A88283041B681CD90042083D /* Photo.m */; };
		A88283091B681D3A0042083D /* CoreDataManager.m in Sources */ = {isa = PBXBuildFile; fileRef = A88283081B681D3A0042083D /* CoreDataManager.m */; };
		A882830B1B681DB40042083D /* CoreData.framework in Frameworks */ = {isa = PBXBuildFile; fileRef = A882830A1B681DB40042083D /* CoreData.framework */; };
		A8C26E1F1B638B0500938608 /* main.m in Sources */ = {isa = PBXBuildFile; fileRef = A8C26E1E1B638B0500938608 /* main.m */; };
		A8C26E221B638B0500938608 /* AppDelegate.m in Sources */ = {isa = PBXBuildFile; fileRef = A8C26E211B638B0500938608 /* AppDelegate.m */; };
		A8C26E2A1B638B0500938608 /* Images.xcassets in Resources */ = {isa = PBXBuildFile; fileRef = A8C26E291B638B0500938608 /* Images.xcassets */; };
		A8C26E2D1B638B0500938608 /* LaunchScreen.xib in Resources */ = {isa = PBXBuildFile; fileRef = A8C26E2B1B638B0500938608 /* LaunchScreen.xib */; };
		A8C26E481B638C0400938608 /* PhotoView.m in Sources */ = {isa = PBXBuildFile; fileRef = A8C26E471B638C0400938608 /* PhotoView.m */; };
		A8C26E4B1B638C0D00938608 /* PhotoViewController.m in Sources */ = {isa = PBXBuildFile; fileRef = A8C26E4A1B638C0D00938608 /* PhotoViewController.m */; };
		A8C26E581B6392D600938608 /* PhotoCell.m in Sources */ = {isa = PBXBuildFile; fileRef = A8C26E571B6392D600938608 /* PhotoCell.m */; };
		A8C26E621B65436700938608 /* PhotoDataProvider.m in Sources */ = {isa = PBXBuildFile; fileRef = A8C26E5E1B65436700938608 /* PhotoDataProvider.m */; };
		A8C26E631B65436700938608 /* PhotoItem.m in Sources */ = {isa = PBXBuildFile; fileRef = A8C26E611B65436700938608 /* PhotoItem.m */; };
/* End PBXBuildFile section */

/* Begin PBXFileReference section */
		A88282FF1B681C2C0042083D /* Photos.xcdatamodel */ = {isa = PBXFileReference; lastKnownFileType = wrapper.xcdatamodel; path = Photos.xcdatamodel; sourceTree = "<group>"; };
		A88283031B681CD90042083D /* Photo.h */ = {isa = PBXFileReference; fileEncoding = 4; lastKnownFileType = sourcecode.c.h; path = Photo.h; sourceTree = "<group>"; };
		A88283041B681CD90042083D /* Photo.m */ = {isa = PBXFileReference; fileEncoding = 4; lastKnownFileType = sourcecode.c.objc; path = Photo.m; sourceTree = "<group>"; };
		A88283071B681D3A0042083D /* CoreDataManager.h */ = {isa = PBXFileReference; fileEncoding = 4; lastKnownFileType = sourcecode.c.h; path = CoreDataManager.h; sourceTree = "<group>"; };
		A88283081B681D3A0042083D /* CoreDataManager.m */ = {isa = PBXFileReference; fileEncoding = 4; lastKnownFileType = sourcecode.c.objc; path = CoreDataManager.m; sourceTree = "<group>"; };
		A882830A1B681DB40042083D /* CoreData.framework */ = {isa = PBXFileReference; lastKnownFileType = wrapper.framework; name = CoreData.framework; path = System/Library/Frameworks/CoreData.framework; sourceTree = SDKROOT; };
		A8C26E191B638B0500938608 /* CollectionExample.app */ = {isa = PBXFileReference; explicitFileType = wrapper.application; includeInIndex = 0; path = CollectionExample.app; sourceTree = BUILT_PRODUCTS_DIR; };
		A8C26E1D1B638B0500938608 /* Info.plist */ = {isa = PBXFileReference; lastKnownFileType = text.plist.xml; path = Info.plist; sourceTree = "<group>"; };
		A8C26E1E1B638B0500938608 /* main.m */ = {isa = PBXFileReference; lastKnownFileType = sourcecode.c.objc; path = main.m; sourceTree = "<group>"; };
		A8C26E201B638B0500938608 /* AppDelegate.h */ = {isa = PBXFileReference; lastKnownFileType = sourcecode.c.h; path = AppDelegate.h; sourceTree = "<group>"; };
		A8C26E211B638B0500938608 /* AppDelegate.m */ = {isa = PBXFileReference; lastKnownFileType = sourcecode.c.objc; path = AppDelegate.m; sourceTree = "<group>"; };
		A8C26E291B638B0500938608 /* Images.xcassets */ = {isa = PBXFileReference; lastKnownFileType = folder.assetcatalog; path = Images.xcassets; sourceTree = "<group>"; };
		A8C26E2C1B638B0500938608 /* Base */ = {isa = PBXFileReference; lastKnownFileType = file.xib; name = Base; path = Base.lproj/LaunchScreen.xib; sourceTree = "<group>"; };
		A8C26E461B638C0400938608 /* PhotoView.h */ = {isa = PBXFileReference; fileEncoding = 4; lastKnownFileType = sourcecode.c.h; path = PhotoView.h; sourceTree = "<group>"; };
		A8C26E471B638C0400938608 /* PhotoView.m */ = {isa = PBXFileReference; fileEncoding = 4; lastKnownFileType = sourcecode.c.objc; path = PhotoView.m; sourceTree = "<group>"; };
		A8C26E491B638C0D00938608 /* PhotoViewController.h */ = {isa = PBXFileReference; fileEncoding = 4; lastKnownFileType = sourcecode.c.h; path = PhotoViewController.h; sourceTree = "<group>"; };
		A8C26E4A1B638C0D00938608 /* PhotoViewController.m */ = {isa = PBXFileReference; fileEncoding = 4; lastKnownFileType = sourcecode.c.objc; path = PhotoViewController.m; sourceTree = "<group>"; };
		A8C26E511B638E5C00938608 /* DataProvider.h */ = {isa = PBXFileReference; fileEncoding = 4; lastKnownFileType = sourcecode.c.h; path = DataProvider.h; sourceTree = "<group>"; };
		A8C26E561B6392D600938608 /* PhotoCell.h */ = {isa = PBXFileReference; fileEncoding = 4; lastKnownFileType = sourcecode.c.h; path = PhotoCell.h; sourceTree = "<group>"; };
		A8C26E571B6392D600938608 /* PhotoCell.m */ = {isa = PBXFileReference; fileEncoding = 4; lastKnownFileType = sourcecode.c.objc; path = PhotoCell.m; sourceTree = "<group>"; };
		A8C26E5D1B65436700938608 /* PhotoDataProvider.h */ = {isa = PBXFileReference; fileEncoding = 4; lastKnownFileType = sourcecode.c.h; path = PhotoDataProvider.h; sourceTree = "<group>"; };
		A8C26E5E1B65436700938608 /* PhotoDataProvider.m */ = {isa = PBXFileReference; fileEncoding = 4; lastKnownFileType = sourcecode.c.objc; path = PhotoDataProvider.m; sourceTree = "<group>"; };
		A8C26E601B65436700938608 /* PhotoItem.h */ = {isa = PBXFileReference; fileEncoding = 4; lastKnownFileType = sourcecode.c.h; path = PhotoItem.h; sourceTree = "<group>"; };
		A8C26E611B65436700938608 /* PhotoItem.m */ = {isa = PBXFileReference; fileEncoding = 4; lastKnownFileType = sourcecode.c.objc; path = PhotoItem.m; sourceTree = "<group>"; };
/* End PBXFileReference section */

/* Begin PBXFrameworksBuildPhase section */
		A8C26E161B638B0500938608 /* Frameworks */ = {
			isa = PBXFrameworksBuildPhase;
			buildActionMask = 2147483647;
			files = (
				A882830B1B681DB40042083D /* CoreData.framework in Frameworks */,
			);
			runOnlyForDeploymentPostprocessing = 0;
		};
/* End PBXFrameworksBuildPhase section */

/* Begin PBXGroup section */
		A88283021B681CC80042083D /* CoreDataEntities */ = {
			isa = PBXGroup;
			children = (
				A88283031B681CD90042083D /* Photo.h */,
				A88283041B681CD90042083D /* Photo.m */,
			);
			path = CoreDataEntities;
			sourceTree = "<group>";
		};
		A8C26E101B638B0500938608 = {
			isa = PBXGroup;
			children = (
				A882830A1B681DB40042083D /* CoreData.framework */,
				A8C26E1B1B638B0500938608 /* CollectionExample */,
				A8C26E1A1B638B0500938608 /* Products */,
			);
			sourceTree = "<group>";
		};
		A8C26E1A1B638B0500938608 /* Products */ = {
			isa = PBXGroup;
			children = (
				A8C26E191B638B0500938608 /* CollectionExample.app */,
			);
			name = Products;
			sourceTree = "<group>";
		};
		A8C26E1B1B638B0500938608 /* CollectionExample */ = {
			isa = PBXGroup;
			children = (
				A8C26E4F1B638E4E00938608 /* Logic */,
				A8C26E431B638BD900938608 /* Controllers */,
				A8C26E201B638B0500938608 /* AppDelegate.h */,
				A8C26E211B638B0500938608 /* AppDelegate.m */,
				A8C26E291B638B0500938608 /* Images.xcassets */,
				A8C26E2B1B638B0500938608 /* LaunchScreen.xib */,
				A8C26E1C1B638B0500938608 /* Supporting Files */,
			);
			path = CollectionExample;
			sourceTree = "<group>";
		};
		A8C26E1C1B638B0500938608 /* Supporting Files */ = {
			isa = PBXGroup;
			children = (
				A8C26E1D1B638B0500938608 /* Info.plist */,
				A8C26E1E1B638B0500938608 /* main.m */,
			);
			name = "Supporting Files";
			sourceTree = "<group>";
		};
		A8C26E431B638BD900938608 /* Controllers */ = {
			isa = PBXGroup;
			children = (
				A8C26E441B638BE400938608 /* Photo */,
			);
			path = Controllers;
			sourceTree = "<group>";
		};
		A8C26E441B638BE400938608 /* Photo */ = {
			isa = PBXGroup;
			children = (
				A8C26E5C1B65436700938608 /* DataSource */,
				A8C26E5F1B65436700938608 /* Entities */,
				A8C26E451B638BEE00938608 /* Views */,
				A8C26E491B638C0D00938608 /* PhotoViewController.h */,
				A8C26E4A1B638C0D00938608 /* PhotoViewController.m */,
			);
			path = Photo;
			sourceTree = "<group>";
		};
		A8C26E451B638BEE00938608 /* Views */ = {
			isa = PBXGroup;
			children = (
				A8C26E461B638C0400938608 /* PhotoView.h */,
				A8C26E471B638C0400938608 /* PhotoView.m */,
				A8C26E561B6392D600938608 /* PhotoCell.h */,
				A8C26E571B6392D600938608 /* PhotoCell.m */,
			);
			path = Views;
			sourceTree = "<group>";
		};
		A8C26E4F1B638E4E00938608 /* Logic */ = {
			isa = PBXGroup;
			children = (
				A88283021B681CC80042083D /* CoreDataEntities */,
				A8C26E501B638E4E00938608 /* Protocols */,
				A88282FE1B681C2C0042083D /* Photos.xcdatamodeld */,
				A88283071B681D3A0042083D /* CoreDataManager.h */,
				A88283081B681D3A0042083D /* CoreDataManager.m */,
			);
			path = Logic;
			sourceTree = "<group>";
		};
		A8C26E501B638E4E00938608 /* Protocols */ = {
			isa = PBXGroup;
			children = (
				A8C26E511B638E5C00938608 /* DataProvider.h */,
			);
			path = Protocols;
			sourceTree = "<group>";
		};
		A8C26E5C1B65436700938608 /* DataSource */ = {
			isa = PBXGroup;
			children = (
				A8C26E5D1B65436700938608 /* PhotoDataProvider.h */,
				A8C26E5E1B65436700938608 /* PhotoDataProvider.m */,
			);
			path = DataSource;
			sourceTree = "<group>";
		};
		A8C26E5F1B65436700938608 /* Entities */ = {
			isa = PBXGroup;
			children = (
				A8C26E601B65436700938608 /* PhotoItem.h */,
				A8C26E611B65436700938608 /* PhotoItem.m */,
			);
			path = Entities;
			sourceTree = "<group>";
		};
/* End PBXGroup section */

/* Begin PBXNativeTarget section */
		A8C26E181B638B0500938608 /* CollectionExample */ = {
			isa = PBXNativeTarget;
			buildConfigurationList = A8C26E3C1B638B0600938608 /* Build configuration list for PBXNativeTarget "CollectionExample" */;
			buildPhases = (
				A8C26E151B638B0500938608 /* Sources */,
				A8C26E161B638B0500938608 /* Frameworks */,
				A8C26E171B638B0500938608 /* Resources */,
			);
			buildRules = (
			);
			dependencies = (
			);
			name = CollectionExample;
			productName = CollectionExample;
			productReference = A8C26E191B638B0500938608 /* CollectionExample.app */;
			productType = "com.apple.product-type.application";
		};
/* End PBXNativeTarget section */

/* Begin PBXProject section */
		A8C26E111B638B0500938608 /* Project object */ = {
			isa = PBXProject;
			attributes = {
				LastUpgradeCheck = 0640;
				ORGANIZATIONNAME = Alexandr601t;
				TargetAttributes = {
					A8C26E181B638B0500938608 = {
						CreatedOnToolsVersion = 6.4;
					};
				};
			};
			buildConfigurationList = A8C26E141B638B0500938608 /* Build configuration list for PBXProject "CollectionExample" */;
			compatibilityVersion = "Xcode 3.2";
			developmentRegion = English;
			hasScannedForEncodings = 0;
			knownRegions = (
				en,
				Base,
			);
			mainGroup = A8C26E101B638B0500938608;
			productRefGroup = A8C26E1A1B638B0500938608 /* Products */;
			projectDirPath = "";
			projectRoot = "";
			targets = (
				A8C26E181B638B0500938608 /* CollectionExample */,
			);
		};
/* End PBXProject section */

/* Begin PBXResourcesBuildPhase section */
		A8C26E171B638B0500938608 /* Resources */ = {
			isa = PBXResourcesBuildPhase;
			buildActionMask = 2147483647;
			files = (
				A8C26E2D1B638B0500938608 /* LaunchScreen.xib in Resources */,
				A8C26E2A1B638B0500938608 /* Images.xcassets in Resources */,
			);
			runOnlyForDeploymentPostprocessing = 0;
		};
/* End PBXResourcesBuildPhase section */

/* Begin PBXSourcesBuildPhase section */
		A8C26E151B638B0500938608 /* Sources */ = {
			isa = PBXSourcesBuildPhase;
			buildActionMask = 2147483647;
			files = (
				A8C26E481B638C0400938608 /* PhotoView.m in Sources */,
				A8C26E4B1B638C0D00938608 /* PhotoViewController.m in Sources */,
				A88283091B681D3A0042083D /* CoreDataManager.m in Sources */,
				A8C26E581B6392D600938608 /* PhotoCell.m in Sources */,
				A88283051B681CD90042083D /* Photo.m in Sources */,
				A88283001B681C2C0042083D /* Photos.xcdatamodeld in Sources */,
				A8C26E221B638B0500938608 /* AppDelegate.m in Sources */,
				A8C26E631B65436700938608 /* PhotoItem.m in Sources */,
				A8C26E1F1B638B0500938608 /* main.m in Sources */,
				A8C26E621B65436700938608 /* PhotoDataProvider.m in Sources */,
			);
			runOnlyForDeploymentPostprocessing = 0;
		};
/* End PBXSourcesBuildPhase section */

/* Begin PBXVariantGroup section */
		A8C26E2B1B638B0500938608 /* LaunchScreen.xib */ = {
			isa = PBXVariantGroup;
			children = (
				A8C26E2C1B638B0500938608 /* Base */,
			);
			name = LaunchScreen.xib;
			sourceTree = "<group>";
		};
/* End PBXVariantGroup section */

/* Begin XCBuildConfiguration section */
		A8C26E3A1B638B0600938608 /* Debug */ = {
			isa = XCBuildConfiguration;
			buildSettings = {
				ALWAYS_SEARCH_USER_PATHS = NO;
				CLANG_CXX_LANGUAGE_STANDARD = "gnu++0x";
				CLANG_CXX_LIBRARY = "libc++";
				CLANG_ENABLE_MODULES = YES;
				CLANG_ENABLE_OBJC_ARC = YES;
				CLANG_WARN_BOOL_CONVERSION = YES;
				CLANG_WARN_CONSTANT_CONVERSION = YES;
				CLANG_WARN_DIRECT_OBJC_ISA_USAGE = YES_ERROR;
				CLANG_WARN_EMPTY_BODY = YES;
				CLANG_WARN_ENUM_CONVERSION = YES;
				CLANG_WARN_INT_CONVERSION = YES;
				CLANG_WARN_OBJC_ROOT_CLASS = YES_ERROR;
				CLANG_WARN_UNREACHABLE_CODE = YES;
				CLANG_WARN__DUPLICATE_METHOD_MATCH = YES;
				"CODE_SIGN_IDENTITY[sdk=iphoneos*]" = "iPhone Developer";
				COPY_PHASE_STRIP = NO;
				DEBUG_INFORMATION_FORMAT = "dwarf-with-dsym";
				ENABLE_STRICT_OBJC_MSGSEND = YES;
				GCC_C_LANGUAGE_STANDARD = gnu99;
				GCC_DYNAMIC_NO_PIC = NO;
				GCC_NO_COMMON_BLOCKS = YES;
				GCC_OPTIMIZATION_LEVEL = 0;
				GCC_PREPROCESSOR_DEFINITIONS = (
					"DEBUG=1",
					"$(inherited)",
				);
				GCC_SYMBOLS_PRIVATE_EXTERN = NO;
				GCC_WARN_64_TO_32_BIT_CONVERSION = YES;
				GCC_WARN_ABOUT_RETURN_TYPE = YES_ERROR;
				GCC_WARN_UNDECLARED_SELECTOR = YES;
				GCC_WARN_UNINITIALIZED_AUTOS = YES_AGGRESSIVE;
				GCC_WARN_UNUSED_FUNCTION = YES;
				GCC_WARN_UNUSED_VARIABLE = YES;
				IPHONEOS_DEPLOYMENT_TARGET = 8.4;
				MTL_ENABLE_DEBUG_INFO = YES;
				ONLY_ACTIVE_ARCH = YES;
				SDKROOT = iphoneos;
			};
			name = Debug;
		};
		A8C26E3B1B638B0600938608 /* Release */ = {
			isa = XCBuildConfiguration;
			buildSettings = {
				ALWAYS_SEARCH_USER_PATHS = NO;
				CLANG_CXX_LANGUAGE_STANDARD = "gnu++0x";
				CLANG_CXX_LIBRARY = "libc++";
				CLANG_ENABLE_MODULES = YES;
				CLANG_ENABLE_OBJC_ARC = YES;
				CLANG_WARN_BOOL_CONVERSION = YES;
				CLANG_WARN_CONSTANT_CONVERSION = YES;
				CLANG_WARN_DIRECT_OBJC_ISA_USAGE = YES_ERROR;
				CLANG_WARN_EMPTY_BODY = YES;
				CLANG_WARN_ENUM_CONVERSION = YES;
				CLANG_WARN_INT_CONVERSION = YES;
				CLANG_WARN_OBJC_ROOT_CLASS = YES_ERROR;
				CLANG_WARN_UNREACHABLE_CODE = YES;
				CLANG_WARN__DUPLICATE_METHOD_MATCH = YES;
				"CODE_SIGN_IDENTITY[sdk=iphoneos*]" = "iPhone Developer";
				COPY_PHASE_STRIP = NO;
				DEBUG_INFORMATION_FORMAT = "dwarf-with-dsym";
				ENABLE_NS_ASSERTIONS = NO;
				ENABLE_STRICT_OBJC_MSGSEND = YES;
				GCC_C_LANGUAGE_STANDARD = gnu99;
				GCC_NO_COMMON_BLOCKS = YES;
				GCC_WARN_64_TO_32_BIT_CONVERSION = YES;
				GCC_WARN_ABOUT_RETURN_TYPE = YES_ERROR;
				GCC_WARN_UNDECLARED_SELECTOR = YES;
				GCC_WARN_UNINITIALIZED_AUTOS = YES_AGGRESSIVE;
				GCC_WARN_UNUSED_FUNCTION = YES;
				GCC_WARN_UNUSED_VARIABLE = YES;
				IPHONEOS_DEPLOYMENT_TARGET = 8.4;
				MTL_ENABLE_DEBUG_INFO = NO;
				SDKROOT = iphoneos;
				VALIDATE_PRODUCT = YES;
			};
			name = Release;
		};
		A8C26E3D1B638B0600938608 /* Debug */ = {
			isa = XCBuildConfiguration;
			buildSettings = {
				ASSETCATALOG_COMPILER_APPICON_NAME = AppIcon;
				INFOPLIST_FILE = CollectionExample/Info.plist;
				LD_RUNPATH_SEARCH_PATHS = "$(inherited) @executable_path/Frameworks";
				PRODUCT_NAME = "$(TARGET_NAME)";
			};
			name = Debug;
		};
		A8C26E3E1B638B0600938608 /* Release */ = {
			isa = XCBuildConfiguration;
			buildSettings = {
				ASSETCATALOG_COMPILER_APPICON_NAME = AppIcon;
				INFOPLIST_FILE = CollectionExample/Info.plist;
				LD_RUNPATH_SEARCH_PATHS = "$(inherited) @executable_path/Frameworks";
				PRODUCT_NAME = "$(TARGET_NAME)";
			};
			name = Release;
		};
/* End XCBuildConfiguration section */

/* Begin XCConfigurationList section */
		A8C26E141B638B0500938608 /* Build configuration list for PBXProject "CollectionExample" */ = {
			isa = XCConfigurationList;
			buildConfigurations = (
				A8C26E3A1B638B0600938608 /* Debug */,
				A8C26E3B1B638B0600938608 /* Release */,
			);
			defaultConfigurationIsVisible = 0;
			defaultConfigurationName = Release;
		};
		A8C26E3C1B638B0600938608 /* Build configuration list for PBXNativeTarget "CollectionExample" */ = {
			isa = XCConfigurationList;
			buildConfigurations = (
				A8C26E3D1B638B0600938608 /* Debug */,
				A8C26E3E1B638B0600938608 /* Release */,
			);
			defaultConfigurationIsVisible = 0;
			defaultConfigurationName = Release;
		};
/* End XCConfigurationList section */

/* Begin XCVersionGroup section */
		A88282FE1B681C2C0042083D /* Photos.xcdatamodeld */ = {
			isa = XCVersionGroup;
			children = (
				A88282FF1B681C2C0042083D /* Photos.xcdatamodel */,
			);
			currentVersion = A88282FF1B681C2C0042083D /* Photos.xcdatamodel */;
			path = Photos.xcdatamodeld;
			sourceTree = "<group>";
			versionGroupType = wrapper.xcdatamodel;
		};
/* End XCVersionGroup section */
	};
	rootObject = A8C26E111B638B0500938608 /* Project object */;
}
